
Microsoft Visual Studio Solution File, Format Version 12.00
Project("{FAE04EC0-301F-11D3-BF4B-00C04F79EFBC}") = "VirtualFS", "VirtualFS\VirtualFS.csproj", "{DE284C86-AB64-421A-84C9-DFF2D2F2BC95}"
EndProject
Global
	GlobalSection(SolutionConfigurationPlatforms) = preSolution
		Debug|Any CPU = Debug|Any CPU
		Release|Any CPU = Release|Any CPU
	EndGlobalSection
	GlobalSection(ProjectConfigurationPlatforms) = postSolution
		{DE284C86-AB64-421A-84C9-DFF2D2F2BC95}.Debug|Any CPU.ActiveCfg = Debug|Any CPU
		{DE284C86-AB64-421A-84C9-DFF2D2F2BC95}.Debug|Any CPU.Build.0 = Debug|Any CPU
		{DE284C86-AB64-421A-84C9-DFF2D2F2BC95}.Release|Any CPU.ActiveCfg = Release|Any CPU
		{DE284C86-AB64-421A-84C9-DFF2D2F2BC95}.Release|Any CPU.Build.0 = Release|Any CPU
	EndGlobalSection
EndGlobal
